// !$*UTF8*$!
{
	archiveVersion = 1;
	classes = {
	};
	objectVersion = 46;
	objects = {

/* Begin PBXBuildFile section */
		7F2FEDDB1EDBFB2600EACB47 /* AppDelegate.swift in Sources */ = {isa = PBXBuildFile; fileRef = 7F2FEDDA1EDBFB2600EACB47 /* AppDelegate.swift */; };
		7F2FEDDD1EDBFB2600EACB47 /* ViewController.swift in Sources */ = {isa = PBXBuildFile; fileRef = 7F2FEDDC1EDBFB2600EACB47 /* ViewController.swift */; };
		7F2FEDE01EDBFB2600EACB47 /* Main.storyboard in Resources */ = {isa = PBXBuildFile; fileRef = 7F2FEDDE1EDBFB2600EACB47 /* Main.storyboard */; };
		7F2FEDE31EDBFB2600EACB47 /* Test1.xcdatamodeld in Sources */ = {isa = PBXBuildFile; fileRef = 7F2FEDE11EDBFB2600EACB47 /* Test1.xcdatamodeld */; };
		7F2FEDE51EDBFB2600EACB47 /* Assets.xcassets in Resources */ = {isa = PBXBuildFile; fileRef = 7F2FEDE41EDBFB2600EACB47 /* Assets.xcassets */; };
		7F2FEDE81EDBFB2600EACB47 /* LaunchScreen.storyboard in Resources */ = {isa = PBXBuildFile; fileRef = 7F2FEDE61EDBFB2600EACB47 /* LaunchScreen.storyboard */; };
		7F2FEDF41EDC524E00EACB47 /* User.swift in Sources */ = {isa = PBXBuildFile; fileRef = 7F2FEDF31EDC524E00EACB47 /* User.swift */; };
		7F2FEDF61EDC6C5200EACB47 /* LoginScreen2.storyboard in Resources */ = {isa = PBXBuildFile; fileRef = 7F2FEDF51EDC6C5200EACB47 /* LoginScreen2.storyboard */; };
		7F2FEDF81EDC6CA800EACB47 /* LoginScreen2.swift in Sources */ = {isa = PBXBuildFile; fileRef = 7F2FEDF71EDC6CA800EACB47 /* LoginScreen2.swift */; };
/* End PBXBuildFile section */

/* Begin PBXFileReference section */
		7F2FEDD71EDBFB2600EACB47 /* Test1.app */ = {isa = PBXFileReference; explicitFileType = wrapper.application; includeInIndex = 0; path = Test1.app; sourceTree = BUILT_PRODUCTS_DIR; };
		7F2FEDDA1EDBFB2600EACB47 /* AppDelegate.swift */ = {isa = PBXFileReference; lastKnownFileType = sourcecode.swift; path = AppDelegate.swift; sourceTree = "<group>"; };
		7F2FEDDC1EDBFB2600EACB47 /* ViewController.swift */ = {isa = PBXFileReference; lastKnownFileType = sourcecode.swift; path = ViewController.swift; sourceTree = "<group>"; };
		7F2FEDDF1EDBFB2600EACB47 /* Base */ = {isa = PBXFileReference; lastKnownFileType = file.storyboard; name = Base; path = Base.lproj/Main.storyboard; sourceTree = "<group>"; };
		7F2FEDE21EDBFB2600EACB47 /* Test1.xcdatamodel */ = {isa = PBXFileReference; lastKnownFileType = wrapper.xcdatamodel; path = Test1.xcdatamodel; sourceTree = "<group>"; };
		7F2FEDE41EDBFB2600EACB47 /* Assets.xcassets */ = {isa = PBXFileReference; lastKnownFileType = folder.assetcatalog; path = Assets.xcassets; sourceTree = "<group>"; };
		7F2FEDE71EDBFB2600EACB47 /* Base */ = {isa = PBXFileReference; lastKnownFileType = file.storyboard; name = Base; path = Base.lproj/LaunchScreen.storyboard; sourceTree = "<group>"; };
		7F2FEDE91EDBFB2600EACB47 /* Info.plist */ = {isa = PBXFileReference; lastKnownFileType = text.plist.xml; path = Info.plist; sourceTree = "<group>"; };
		7F2FEDF31EDC524E00EACB47 /* User.swift */ = {isa = PBXFileReference; fileEncoding = 4; lastKnownFileType = sourcecode.swift; path = User.swift; sourceTree = "<group>"; };
		7F2FEDF51EDC6C5200EACB47 /* LoginScreen2.storyboard */ = {isa = PBXFileReference; fileEncoding = 4; lastKnownFileType = file.storyboard; path = LoginScreen2.storyboard; sourceTree = "<group>"; };
		7F2FEDF71EDC6CA800EACB47 /* LoginScreen2.swift */ = {isa = PBXFileReference; fileEncoding = 4; lastKnownFileType = sourcecode.swift; path = LoginScreen2.swift; sourceTree = "<group>"; };
/* End PBXFileReference section */

/* Begin PBXFrameworksBuildPhase section */
		7F2FEDD41EDBFB2600EACB47 /* Frameworks */ = {
			isa = PBXFrameworksBuildPhase;
			buildActionMask = 2147483647;
			files = (
			);
			runOnlyForDeploymentPostprocessing = 0;
		};
/* End PBXFrameworksBuildPhase section */

/* Begin PBXGroup section */
		7F2FEDCE1EDBFB2500EACB47 = {
			isa = PBXGroup;
			children = (
				7F2FEDD91EDBFB2600EACB47 /* Test1 */,
				7F2FEDD81EDBFB2600EACB47 /* Products */,
			);
			sourceTree = "<group>";
		};
		7F2FEDD81EDBFB2600EACB47 /* Products */ = {
			isa = PBXGroup;
			children = (
				7F2FEDD71EDBFB2600EACB47 /* Test1.app */,
			);
			name = Products;
			sourceTree = "<group>";
		};
		7F2FEDD91EDBFB2600EACB47 /* Test1 */ = {
			isa = PBXGroup;
			children = (
				7F2FEDDA1EDBFB2600EACB47 /* AppDelegate.swift */,
				7F2FEDF71EDC6CA800EACB47 /* LoginScreen2.swift */,
				7F2FEDDC1EDBFB2600EACB47 /* ViewController.swift */,
				7F2FEDF31EDC524E00EACB47 /* User.swift */,
				7F2FEDF51EDC6C5200EACB47 /* LoginScreen2.storyboard */,
				7F2FEDDE1EDBFB2600EACB47 /* Main.storyboard */,
				7F2FEDE41EDBFB2600EACB47 /* Assets.xcassets */,
				7F2FEDE61EDBFB2600EACB47 /* LaunchScreen.storyboard */,
				7F2FEDE91EDBFB2600EACB47 /* Info.plist */,
				7F2FEDE11EDBFB2600EACB47 /* Test1.xcdatamodeld */,
			);
			path = Test1;
			sourceTree = "<group>";
		};
/* End PBXGroup section */

/* Begin PBXNativeTarget section */
		7F2FEDD61EDBFB2600EACB47 /* Test1 */ = {
			isa = PBXNativeTarget;
			buildConfigurationList = 7F2FEDEC1EDBFB2600EACB47 /* Build configuration list for PBXNativeTarget "Test1" */;
			buildPhases = (
				7F2FEDD31EDBFB2600EACB47 /* Sources */,
				7F2FEDD41EDBFB2600EACB47 /* Frameworks */,
				7F2FEDD51EDBFB2600EACB47 /* Resources */,
			);
			buildRules = (
			);
			dependencies = (
			);
			name = Test1;
			productName = Test1;
			productReference = 7F2FEDD71EDBFB2600EACB47 /* Test1.app */;
			productType = "com.apple.product-type.application";
		};
/* End PBXNativeTarget section */

/* Begin PBXProject section */
		7F2FEDCF1EDBFB2500EACB47 /* Project object */ = {
			isa = PBXProject;
			attributes = {
				LastSwiftUpdateCheck = 0830;
				LastUpgradeCheck = 0830;
				ORGANIZATIONNAME = AlexanderYakovenko;
				TargetAttributes = {
					7F2FEDD61EDBFB2600EACB47 = {
						CreatedOnToolsVersion = 8.3.2;
						ProvisioningStyle = Automatic;
					};
				};
			};
			buildConfigurationList = 7F2FEDD21EDBFB2500EACB47 /* Build configuration list for PBXProject "Test1" */;
			compatibilityVersion = "Xcode 3.2";
			developmentRegion = English;
			hasScannedForEncodings = 0;
			knownRegions = (
				en,
				Base,
			);
			mainGroup = 7F2FEDCE1EDBFB2500EACB47;
			productRefGroup = 7F2FEDD81EDBFB2600EACB47 /* Products */;
			projectDirPath = "";
			projectRoot = "";
			targets = (
				7F2FEDD61EDBFB2600EACB47 /* Test1 */,
			);
		};
/* End PBXProject section */

/* Begin PBXResourcesBuildPhase section */
		7F2FEDD51EDBFB2600EACB47 /* Resources */ = {
			isa = PBXResourcesBuildPhase;
			buildActionMask = 2147483647;
			files = (
				7F2FEDE81EDBFB2600EACB47 /* LaunchScreen.storyboard in Resources */,
				7F2FEDE51EDBFB2600EACB47 /* Assets.xcassets in Resources */,
				7F2FEDF61EDC6C5200EACB47 /* LoginScreen2.storyboard in Resources */,
				7F2FEDE01EDBFB2600EACB47 /* Main.storyboard in Resources */,
			);
			runOnlyForDeploymentPostprocessing = 0;
		};
/* End PBXResourcesBuildPhase section */

/* Begin PBXSourcesBuildPhase section */
		7F2FEDD31EDBFB2600EACB47 /* Sources */ = {
			isa = PBXSourcesBuildPhase;
			buildActionMask = 2147483647;
			files = (
				7F2FEDF81EDC6CA800EACB47 /* LoginScreen2.swift in Sources */,
				7F2FEDDD1EDBFB2600EACB47 /* ViewController.swift in Sources */,
				7F2FEDDB1EDBFB2600EACB47 /* AppDelegate.swift in Sources */,
				7F2FEDF41EDC524E00EACB47 /* User.swift in Sources */,
				7F2FEDE31EDBFB2600EACB47 /* Test1.xcdatamodeld in Sources */,
			);
			runOnlyForDeploymentPostprocessing = 0;
		};
/* End PBXSourcesBuildPhase section */

/* Begin PBXVariantGroup section */
		7F2FEDDE1EDBFB2600EACB47 /* Main.storyboard */ = {
			isa = PBXVariantGroup;
			children = (
				7F2FEDDF1EDBFB2600EACB47 /* Base */,
			);
			name = Main.storyboard;
			sourceTree = "<group>";
		};
		7F2FEDE61EDBFB2600EACB47 /* LaunchScreen.storyboard */ = {
			isa = PBXVariantGroup;
			children = (
				7F2FEDE71EDBFB2600EACB47 /* Base */,
			);
			name = LaunchScreen.storyboard;
			sourceTree = "<group>";
		};
/* End PBXVariantGroup section */

/* Begin XCBuildConfiguration section */
		7F2FEDEA1EDBFB2600EACB47 /* Debug */ = {
			isa = XCBuildConfiguration;
			buildSettings = {
				ALWAYS_SEARCH_USER_PATHS = NO;
				CLANG_ANALYZER_NONNULL = YES;
				CLANG_ANALYZER_NUMBER_OBJECT_CONVERSION = YES_AGGRESSIVE;
				CLANG_CXX_LANGUAGE_STANDARD = "gnu++0x";
				CLANG_CXX_LIBRARY = "libc++";
				CLANG_ENABLE_MODULES = YES;
				CLANG_ENABLE_OBJC_ARC = YES;
				CLANG_WARN_BOOL_CONVERSION = YES;
				CLANG_WARN_CONSTANT_CONVERSION = YES;
				CLANG_WARN_DIRECT_OBJC_ISA_USAGE = YES_ERROR;
				CLANG_WARN_DOCUMENTATION_COMMENTS = YES;
				CLANG_WARN_EMPTY_BODY = YES;
				CLANG_WARN_ENUM_CONVERSION = YES;
				CLANG_WARN_INFINITE_RECURSION = YES;
				CLANG_WARN_INT_CONVERSION = YES;
				CLANG_WARN_OBJC_ROOT_CLASS = YES_ERROR;
				CLANG_WARN_SUSPICIOUS_MOVE = YES;
				CLANG_WARN_UNREACHABLE_CODE = YES;
				CLANG_WARN__DUPLICATE_METHOD_MATCH = YES;
				"CODE_SIGN_IDENTITY[sdk=iphoneos*]" = "iPhone Developer";
				COPY_PHASE_STRIP = NO;
				DEBUG_INFORMATION_FORMAT = dwarf;
				ENABLE_STRICT_OBJC_MSGSEND = YES;
				ENABLE_TESTABILITY = YES;
				GCC_C_LANGUAGE_STANDARD = gnu99;
				GCC_DYNAMIC_NO_PIC = NO;
				GCC_NO_COMMON_BLOCKS = YES;
				GCC_OPTIMIZATION_LEVEL = 0;
				GCC_PREPROCESSOR_DEFINITIONS = (
					"DEBUG=1",
					"$(inherited)",
				);
				GCC_WARN_64_TO_32_BIT_CONVERSION = YES;
				GCC_WARN_ABOUT_RETURN_TYPE = YES_ERROR;
				GCC_WARN_UNDECLARED_SELECTOR = YES;
				GCC_WARN_UNINITIALIZED_AUTOS = YES_AGGRESSIVE;
				GCC_WARN_UNUSED_FUNCTION = YES;
				GCC_WARN_UNUSED_VARIABLE = YES;
				IPHONEOS_DEPLOYMENT_TARGET = 10.3;
				MTL_ENABLE_DEBUG_INFO = YES;
				ONLY_ACTIVE_ARCH = YES;
				SDKROOT = iphoneos;
				SWIFT_ACTIVE_COMPILATION_CONDITIONS = DEBUG;
				SWIFT_OPTIMIZATION_LEVEL = "-Onone";
				TARGETED_DEVICE_FAMILY = "1,2";
			};
			name = Debug;
		};
		7F2FEDEB1EDBFB2600EACB47 /* Release */ = {
			isa = XCBuildConfiguration;
			buildSettings = {
				ALWAYS_SEARCH_USER_PATHS = NO;
				CLANG_ANALYZER_NONNULL = YES;
				CLANG_ANALYZER_NUMBER_OBJECT_CONVERSION = YES_AGGRESSIVE;
				CLANG_CXX_LANGUAGE_STANDARD = "gnu++0x";
				CLANG_CXX_LIBRARY = "libc++";
				CLANG_ENABLE_MODULES = YES;
				CLANG_ENABLE_OBJC_ARC = YES;
				CLANG_WARN_BOOL_CONVERSION = YES;
				CLANG_WARN_CONSTANT_CONVERSION = YES;
				CLANG_WARN_DIRECT_OBJC_ISA_USAGE = YES_ERROR;
				CLANG_WARN_DOCUMENTATION_COMMENTS = YES;
				CLANG_WARN_EMPTY_BODY = YES;
				CLANG_WARN_ENUM_CONVERSION = YES;
				CLANG_WARN_INFINITE_RECURSION = YES;
				CLANG_WARN_INT_CONVERSION = YES;
				CLANG_WARN_OBJC_ROOT_CLASS = YES_ERROR;
				CLANG_WARN_SUSPICIOUS_MOVE = YES;
				CLANG_WARN_UNREACHABLE_CODE = YES;
				CLANG_WARN__DUPLICATE_METHOD_MATCH = YES;
				"CODE_SIGN_IDENTITY[sdk=iphoneos*]" = "iPhone Developer";
				COPY_PHASE_STRIP = NO;
				DEBUG_INFORMATION_FORMAT = "dwarf-with-dsym";
				ENABLE_NS_ASSERTIONS = NO;
				ENABLE_STRICT_OBJC_MSGSEND = YES;
				GCC_C_LANGUAGE_STANDARD = gnu99;
				GCC_NO_COMMON_BLOCKS = YES;
				GCC_WARN_64_TO_32_BIT_CONVERSION = YES;
				GCC_WARN_ABOUT_RETURN_TYPE = YES_ERROR;
				GCC_WARN_UNDECLARED_SELECTOR = YES;
				GCC_WARN_UNINITIALIZED_AUTOS = YES_AGGRESSIVE;
				GCC_WARN_UNUSED_FUNCTION = YES;
				GCC_WARN_UNUSED_VARIABLE = YES;
				IPHONEOS_DEPLOYMENT_TARGET = 10.3;
				MTL_ENABLE_DEBUG_INFO = NO;
				SDKROOT = iphoneos;
				SWIFT_OPTIMIZATION_LEVEL = "-Owholemodule";
				TARGETED_DEVICE_FAMILY = "1,2";
				VALIDATE_PRODUCT = YES;
			};
			name = Release;
		};
		7F2FEDED1EDBFB2600EACB47 /* Debug */ = {
			isa = XCBuildConfiguration;
			buildSettings = {
				ASSETCATALOG_COMPILER_APPICON_NAME = AppIcon;
				INFOPLIST_FILE = Test1/Info.plist;
				LD_RUNPATH_SEARCH_PATHS = "$(inherited) @executable_path/Frameworks";
				PRODUCT_BUNDLE_IDENTIFIER = Alex.Test1;
				PRODUCT_NAME = "$(TARGET_NAME)";
				SWIFT_VERSION = 3.0;
			};
			name = Debug;
		};
		7F2FEDEE1EDBFB2600EACB47 /* Release */ = {
			isa = XCBuildConfiguration;
			buildSettings = {
				ASSETCATALOG_COMPILER_APPICON_NAME = AppIcon;
				INFOPLIST_FILE = Test1/Info.plist;
				LD_RUNPATH_SEARCH_PATHS = "$(inherited) @executable_path/Frameworks";
				PRODUCT_BUNDLE_IDENTIFIER = Alex.Test1;
				PRODUCT_NAME = "$(TARGET_NAME)";
				SWIFT_VERSION = 3.0;
			};
			name = Release;
		};
/* End XCBuildConfiguration section */

/* Begin XCConfigurationList section */
		7F2FEDD21EDBFB2500EACB47 /* Build configuration list for PBXProject "Test1" */ = {
			isa = XCConfigurationList;
			buildConfigurations = (
				7F2FEDEA1EDBFB2600EACB47 /* Debug */,
				7F2FEDEB1EDBFB2600EACB47 /* Release */,
			);
			defaultConfigurationIsVisible = 0;
			defaultConfigurationName = Release;
		};
		7F2FEDEC1EDBFB2600EACB47 /* Build configuration list for PBXNativeTarget "Test1" */ = {
			isa = XCConfigurationList;
			buildConfigurations = (
				7F2FEDED1EDBFB2600EACB47 /* Debug */,
				7F2FEDEE1EDBFB2600EACB47 /* Release */,
			);
			defaultConfigurationIsVisible = 0;
			defaultConfigurationName = Release;
		};
/* End XCConfigurationList section */

/* Begin XCVersionGroup section */
		7F2FEDE11EDBFB2600EACB47 /* Test1.xcdatamodeld */ = {
			isa = XCVersionGroup;
			children = (
				7F2FEDE21EDBFB2600EACB47 /* Test1.xcdatamodel */,
			);
			currentVersion = 7F2FEDE21EDBFB2600EACB47 /* Test1.xcdatamodel */;
			path = Test1.xcdatamodeld;
			sourceTree = "<group>";
			versionGroupType = wrapper.xcdatamodel;
		};
/* End XCVersionGroup section */
	};
	rootObject = 7F2FEDCF1EDBFB2500EACB47 /* Project object */;
}
